
Microsoft Visual Studio Solution File, Format Version 12.00
# Visual Studio Version 17
VisualStudioVersion = 17.0.32126.317
MinimumVisualStudioVersion = 10.0.40219.1
Project("{FAE04EC0-301F-11D3-BF4B-00C04F79EFBC}") = "AssignmentNo3", "AssignmentNo3\AssignmentNo3.csproj", "{963224E9-C8CD-4E01-85FE-7E23FA2A79FE}"
EndProject
Global
	GlobalSection(SolutionConfigurationPlatforms) = preSolution
		Debug|Any CPU = Debug|Any CPU
		Release|Any CPU = Release|Any CPU
	EndGlobalSection
	GlobalSection(ProjectConfigurationPlatforms) = postSolution
		{963224E9-C8CD-4E01-85FE-7E23FA2A79FE}.Debug|Any CPU.ActiveCfg = Debug|Any CPU
		{963224E9-C8CD-4E01-85FE-7E23FA2A79FE}.Debug|Any CPU.Build.0 = Debug|Any CPU
		{963224E9-C8CD-4E01-85FE-7E23FA2A79FE}.Release|Any CPU.ActiveCfg = Release|Any CPU
		{963224E9-C8CD-4E01-85FE-7E23FA2A79FE}.Release|Any CPU.Build.0 = Release|Any CPU
	EndGlobalSection
	GlobalSection(SolutionProperties) = preSolution
		HideSolutionNode = FALSE
	EndGlobalSection
	GlobalSection(ExtensibilityGlobals) = postSolution
		SolutionGuid = {1B472A45-1807-49EC-A74D-C437502F497E}
	EndGlobalSection
EndGlobal
